
Microsoft Visual Studio Solution File, Format Version 12.00
# Visual Studio Version 16
VisualStudioVersion = 16.0.29721.120
MinimumVisualStudioVersion = 10.0.40219.1
Project("{FAE04EC0-301F-11D3-BF4B-00C04F79EFBC}") = "Soccer.Common", "Soccer.Common\Soccer.Common.csproj", "{966E268A-58CE-4199-A5E5-6722DA7E3F75}"
EndProject
Project("{FAE04EC0-301F-11D3-BF4B-00C04F79EFBC}") = "Soccer.Web", "Soccer.Web\Soccer.Web.csproj", "{1B117364-CB79-4269-AB77-8C49095C1511}"
EndProject
Project("{FAE04EC0-301F-11D3-BF4B-00C04F79EFBC}") = "Soccer.Prism", "Soccer.Prism\Soccer.Prism\Soccer.Prism.csproj", "{84383AEF-045E-4251-BB34-EF6F6973DEB7}"
EndProject
Project("{FAE04EC0-301F-11D3-BF4B-00C04F79EFBC}") = "Soccer.Prism.Android", "Soccer.Prism\Soccer.Prism.Android\Soccer.Prism.Android.csproj", "{D0F5FEC8-4D17-40D7-957E-5DCA02DC2000}"
EndProject
Project("{FAE04EC0-301F-11D3-BF4B-00C04F79EFBC}") = "Soccer.Prism.iOS", "Soccer.Prism\Soccer.Prism.iOS\Soccer.Prism.iOS.csproj", "{77D9241C-09F8-4C18-A24E-268376973380}"
EndProject
Project("{FAE04EC0-301F-11D3-BF4B-00C04F79EFBC}") = "Soccer.Cross.Android", "Soccer.Cross.Android\Soccer.Cross.Android.csproj", "{E125FA5A-D32D-4480-8F6B-4F38BB687B87}"
EndProject
Project("{FAE04EC0-301F-11D3-BF4B-00C04F79EFBC}") = "Soccer.Cross.iOS", "Soccer.Cross.iOS\Soccer.Cross.iOS.csproj", "{AEFAF003-48FF-4E4D-A881-C7653569ED7C}"
EndProject
Global
	GlobalSection(SolutionConfigurationPlatforms) = preSolution
		Ad-Hoc|Any CPU = Ad-Hoc|Any CPU
		Ad-Hoc|iPhone = Ad-Hoc|iPhone
		Ad-Hoc|iPhoneSimulator = Ad-Hoc|iPhoneSimulator
		AppStore|Any CPU = AppStore|Any CPU
		AppStore|iPhone = AppStore|iPhone
		AppStore|iPhoneSimulator = AppStore|iPhoneSimulator
		Debug|Any CPU = Debug|Any CPU
		Debug|iPhone = Debug|iPhone
		Debug|iPhoneSimulator = Debug|iPhoneSimulator
		Release|Any CPU = Release|Any CPU
		Release|iPhone = Release|iPhone
		Release|iPhoneSimulator = Release|iPhoneSimulator
	EndGlobalSection
	GlobalSection(ProjectConfigurationPlatforms) = postSolution
		{966E268A-58CE-4199-A5E5-6722DA7E3F75}.Ad-Hoc|Any CPU.ActiveCfg = Debug|Any CPU
		{966E268A-58CE-4199-A5E5-6722DA7E3F75}.Ad-Hoc|Any CPU.Build.0 = Debug|Any CPU
		{966E268A-58CE-4199-A5E5-6722DA7E3F75}.Ad-Hoc|iPhone.ActiveCfg = Debug|Any CPU
		{966E268A-58CE-4199-A5E5-6722DA7E3F75}.Ad-Hoc|iPhone.Build.0 = Debug|Any CPU
		{966E268A-58CE-4199-A5E5-6722DA7E3F75}.Ad-Hoc|iPhoneSimulator.ActiveCfg = Debug|Any CPU
		{966E268A-58CE-4199-A5E5-6722DA7E3F75}.Ad-Hoc|iPhoneSimulator.Build.0 = Debug|Any CPU
		{966E268A-58CE-4199-A5E5-6722DA7E3F75}.AppStore|Any CPU.ActiveCfg = Debug|Any CPU
		{966E268A-58CE-4199-A5E5-6722DA7E3F75}.AppStore|Any CPU.Build.0 = Debug|Any CPU
		{966E268A-58CE-4199-A5E5-6722DA7E3F75}.AppStore|iPhone.ActiveCfg = Debug|Any CPU
		{966E268A-58CE-4199-A5E5-6722DA7E3F75}.AppStore|iPhone.Build.0 = Debug|Any CPU
		{966E268A-58CE-4199-A5E5-6722DA7E3F75}.AppStore|iPhoneSimulator.ActiveCfg = Debug|Any CPU
		{966E268A-58CE-4199-A5E5-6722DA7E3F75}.AppStore|iPhoneSimulator.Build.0 = Debug|Any CPU
		{966E268A-58CE-4199-A5E5-6722DA7E3F75}.Debug|Any CPU.ActiveCfg = Debug|Any CPU
		{966E268A-58CE-4199-A5E5-6722DA7E3F75}.Debug|Any CPU.Build.0 = Debug|Any CPU
		{966E268A-58CE-4199-A5E5-6722DA7E3F75}.Debug|iPhone.ActiveCfg = Debug|Any CPU
		{966E268A-58CE-4199-A5E5-6722DA7E3F75}.Debug|iPhone.Build.0 = Debug|Any CPU
		{966E268A-58CE-4199-A5E5-6722DA7E3F75}.Debug|iPhoneSimulator.ActiveCfg = Debug|Any CPU
		{966E268A-58CE-4199-A5E5-6722DA7E3F75}.Debug|iPhoneSimulator.Build.0 = Debug|Any CPU
		{966E268A-58CE-4199-A5E5-6722DA7E3F75}.Release|Any CPU.ActiveCfg = Release|Any CPU
		{966E268A-58CE-4199-A5E5-6722DA7E3F75}.Release|Any CPU.Build.0 = Release|Any CPU
		{966E268A-58CE-4199-A5E5-6722DA7E3F75}.Release|iPhone.ActiveCfg = Release|Any CPU
		{966E268A-58CE-4199-A5E5-6722DA7E3F75}.Release|iPhone.Build.0 = Release|Any CPU
		{966E268A-58CE-4199-A5E5-6722DA7E3F75}.Release|iPhoneSimulator.ActiveCfg = Release|Any CPU
		{966E268A-58CE-4199-A5E5-6722DA7E3F75}.Release|iPhoneSimulator.Build.0 = Release|Any CPU
		{1B117364-CB79-4269-AB77-8C49095C1511}.Ad-Hoc|Any CPU.ActiveCfg = Debug|Any CPU
		{1B117364-CB79-4269-AB77-8C49095C1511}.Ad-Hoc|Any CPU.Build.0 = Debug|Any CPU
		{1B117364-CB79-4269-AB77-8C49095C1511}.Ad-Hoc|iPhone.ActiveCfg = Debug|Any CPU
		{1B117364-CB79-4269-AB77-8C49095C1511}.Ad-Hoc|iPhone.Build.0 = Debug|Any CPU
		{1B117364-CB79-4269-AB77-8C49095C1511}.Ad-Hoc|iPhoneSimulator.ActiveCfg = Debug|Any CPU
		{1B117364-CB79-4269-AB77-8C49095C1511}.Ad-Hoc|iPhoneSimulator.Build.0 = Debug|Any CPU
		{1B117364-CB79-4269-AB77-8C49095C1511}.AppStore|Any CPU.ActiveCfg = Debug|Any CPU
		{1B117364-CB79-4269-AB77-8C49095C1511}.AppStore|Any CPU.Build.0 = Debug|Any CPU
		{1B117364-CB79-4269-AB77-8C49095C1511}.AppStore|iPhone.ActiveCfg = Debug|Any CPU
		{1B117364-CB79-4269-AB77-8C49095C1511}.AppStore|iPhone.Build.0 = Debug|Any CPU
		{1B117364-CB79-4269-AB77-8C49095C1511}.AppStore|iPhoneSimulator.ActiveCfg = Debug|Any CPU
		{1B117364-CB79-4269-AB77-8C49095C1511}.AppStore|iPhoneSimulator.Build.0 = Debug|Any CPU
		{1B117364-CB79-4269-AB77-8C49095C1511}.Debug|Any CPU.ActiveCfg = Debug|Any CPU
		{1B117364-CB79-4269-AB77-8C49095C1511}.Debug|Any CPU.Build.0 = Debug|Any CPU
		{1B117364-CB79-4269-AB77-8C49095C1511}.Debug|iPhone.ActiveCfg = Debug|Any CPU
		{1B117364-CB79-4269-AB77-8C49095C1511}.Debug|iPhone.Build.0 = Debug|Any CPU
		{1B117364-CB79-4269-AB77-8C49095C1511}.Debug|iPhoneSimulator.ActiveCfg = Debug|Any CPU
		{1B117364-CB79-4269-AB77-8C49095C1511}.Debug|iPhoneSimulator.Build.0 = Debug|Any CPU
		{1B117364-CB79-4269-AB77-8C49095C1511}.Release|Any CPU.ActiveCfg = Release|Any CPU
		{1B117364-CB79-4269-AB77-8C49095C1511}.Release|Any CPU.Build.0 = Release|Any CPU
		{1B117364-CB79-4269-AB77-8C49095C1511}.Release|iPhone.ActiveCfg = Release|Any CPU
		{1B117364-CB79-4269-AB77-8C49095C1511}.Release|iPhone.Build.0 = Release|Any CPU
		{1B117364-CB79-4269-AB77-8C49095C1511}.Release|iPhoneSimulator.ActiveCfg = Release|Any CPU
		{1B117364-CB79-4269-AB77-8C49095C1511}.Release|iPhoneSimulator.Build.0 = Release|Any CPU
		{84383AEF-045E-4251-BB34-EF6F6973DEB7}.Ad-Hoc|Any CPU.ActiveCfg = Debug|Any CPU
		{84383AEF-045E-4251-BB34-EF6F6973DEB7}.Ad-Hoc|Any CPU.Build.0 = Debug|Any CPU
		{84383AEF-045E-4251-BB34-EF6F6973DEB7}.Ad-Hoc|iPhone.ActiveCfg = Debug|Any CPU
		{84383AEF-045E-4251-BB34-EF6F6973DEB7}.Ad-Hoc|iPhone.Build.0 = Debug|Any CPU
		{84383AEF-045E-4251-BB34-EF6F6973DEB7}.Ad-Hoc|iPhoneSimulator.ActiveCfg = Debug|Any CPU
		{84383AEF-045E-4251-BB34-EF6F6973DEB7}.Ad-Hoc|iPhoneSimulator.Build.0 = Debug|Any CPU
		{84383AEF-045E-4251-BB34-EF6F6973DEB7}.AppStore|Any CPU.ActiveCfg = Debug|Any CPU
		{84383AEF-045E-4251-BB34-EF6F6973DEB7}.AppStore|Any CPU.Build.0 = Debug|Any CPU
		{84383AEF-045E-4251-BB34-EF6F6973DEB7}.AppStore|iPhone.ActiveCfg = Debug|Any CPU
		{84383AEF-045E-4251-BB34-EF6F6973DEB7}.AppStore|iPhone.Build.0 = Debug|Any CPU
		{84383AEF-045E-4251-BB34-EF6F6973DEB7}.AppStore|iPhoneSimulator.ActiveCfg = Debug|Any CPU
		{84383AEF-045E-4251-BB34-EF6F6973DEB7}.AppStore|iPhoneSimulator.Build.0 = Debug|Any CPU
		{84383AEF-045E-4251-BB34-EF6F6973DEB7}.Debug|Any CPU.ActiveCfg = Debug|Any CPU
		{84383AEF-045E-4251-BB34-EF6F6973DEB7}.Debug|Any CPU.Build.0 = Debug|Any CPU
		{84383AEF-045E-4251-BB34-EF6F6973DEB7}.Debug|iPhone.ActiveCfg = Debug|Any CPU
		{84383AEF-045E-4251-BB34-EF6F6973DEB7}.Debug|iPhone.Build.0 = Debug|Any CPU
		{84383AEF-045E-4251-BB34-EF6F6973DEB7}.Debug|iPhoneSimulator.ActiveCfg = Debug|Any CPU
		{84383AEF-045E-4251-BB34-EF6F6973DEB7}.Debug|iPhoneSimulator.Build.0 = Debug|Any CPU
		{84383AEF-045E-4251-BB34-EF6F6973DEB7}.Release|Any CPU.ActiveCfg = Release|Any CPU
		{84383AEF-045E-4251-BB34-EF6F6973DEB7}.Release|Any CPU.Build.0 = Release|Any CPU
		{84383AEF-045E-4251-BB34-EF6F6973DEB7}.Release|iPhone.ActiveCfg = Release|Any CPU
		{84383AEF-045E-4251-BB34-EF6F6973DEB7}.Release|iPhone.Build.0 = Release|Any CPU
		{84383AEF-045E-4251-BB34-EF6F6973DEB7}.Release|iPhoneSimulator.ActiveCfg = Release|Any CPU
		{84383AEF-045E-4251-BB34-EF6F6973DEB7}.Release|iPhoneSimulator.Build.0 = Release|Any CPU
		{D0F5FEC8-4D17-40D7-957E-5DCA02DC2000}.Ad-Hoc|Any CPU.ActiveCfg = Release|Any CPU
		{D0F5FEC8-4D17-40D7-957E-5DCA02DC2000}.Ad-Hoc|Any CPU.Build.0 = Release|Any CPU
		{D0F5FEC8-4D17-40D7-957E-5DCA02DC2000}.Ad-Hoc|Any CPU.Deploy.0 = Release|Any CPU
		{D0F5FEC8-4D17-40D7-957E-5DCA02DC2000}.Ad-Hoc|iPhone.ActiveCfg = Release|Any CPU
		{D0F5FEC8-4D17-40D7-957E-5DCA02DC2000}.Ad-Hoc|iPhone.Build.0 = Release|Any CPU
		{D0F5FEC8-4D17-40D7-957E-5DCA02DC2000}.Ad-Hoc|iPhone.Deploy.0 = Release|Any CPU
		{D0F5FEC8-4D17-40D7-957E-5DCA02DC2000}.Ad-Hoc|iPhoneSimulator.ActiveCfg = Release|Any CPU
		{D0F5FEC8-4D17-40D7-957E-5DCA02DC2000}.Ad-Hoc|iPhoneSimulator.Build.0 = Release|Any CPU
		{D0F5FEC8-4D17-40D7-957E-5DCA02DC2000}.Ad-Hoc|iPhoneSimulator.Deploy.0 = Release|Any CPU
		{D0F5FEC8-4D17-40D7-957E-5DCA02DC2000}.AppStore|Any CPU.ActiveCfg = Release|Any CPU
		{D0F5FEC8-4D17-40D7-957E-5DCA02DC2000}.AppStore|Any CPU.Build.0 = Release|Any CPU
		{D0F5FEC8-4D17-40D7-957E-5DCA02DC2000}.AppStore|Any CPU.Deploy.0 = Release|Any CPU
		{D0F5FEC8-4D17-40D7-957E-5DCA02DC2000}.AppStore|iPhone.ActiveCfg = Release|Any CPU
		{D0F5FEC8-4D17-40D7-957E-5DCA02DC2000}.AppStore|iPhone.Build.0 = Release|Any CPU
		{D0F5FEC8-4D17-40D7-957E-5DCA02DC2000}.AppStore|iPhone.Deploy.0 = Release|Any CPU
		{D0F5FEC8-4D17-40D7-957E-5DCA02DC2000}.AppStore|iPhoneSimulator.ActiveCfg = Release|Any CPU
		{D0F5FEC8-4D17-40D7-957E-5DCA02DC2000}.AppStore|iPhoneSimulator.Build.0 = Release|Any CPU
		{D0F5FEC8-4D17-40D7-957E-5DCA02DC2000}.AppStore|iPhoneSimulator.Deploy.0 = Release|Any CPU
		{D0F5FEC8-4D17-40D7-957E-5DCA02DC2000}.Debug|Any CPU.ActiveCfg = Debug|Any CPU
		{D0F5FEC8-4D17-40D7-957E-5DCA02DC2000}.Debug|Any CPU.Build.0 = Debug|Any CPU
		{D0F5FEC8-4D17-40D7-957E-5DCA02DC2000}.Debug|Any CPU.Deploy.0 = Debug|Any CPU
		{D0F5FEC8-4D17-40D7-957E-5DCA02DC2000}.Debug|iPhone.ActiveCfg = Debug|Any CPU
		{D0F5FEC8-4D17-40D7-957E-5DCA02DC2000}.Debug|iPhone.Build.0 = Debug|Any CPU
		{D0F5FEC8-4D17-40D7-957E-5DCA02DC2000}.Debug|iPhone.Deploy.0 = Debug|Any CPU
		{D0F5FEC8-4D17-40D7-957E-5DCA02DC2000}.Debug|iPhoneSimulator.ActiveCfg = Debug|Any CPU
		{D0F5FEC8-4D17-40D7-957E-5DCA02DC2000}.Debug|iPhoneSimulator.Build.0 = Debug|Any CPU
		{D0F5FEC8-4D17-40D7-957E-5DCA02DC2000}.Debug|iPhoneSimulator.Deploy.0 = Debug|Any CPU
		{D0F5FEC8-4D17-40D7-957E-5DCA02DC2000}.Release|Any CPU.ActiveCfg = Release|Any CPU
		{D0F5FEC8-4D17-40D7-957E-5DCA02DC2000}.Release|Any CPU.Build.0 = Release|Any CPU
		{D0F5FEC8-4D17-40D7-957E-5DCA02DC2000}.Release|Any CPU.Deploy.0 = Release|Any CPU
		{D0F5FEC8-4D17-40D7-957E-5DCA02DC2000}.Release|iPhone.ActiveCfg = Release|Any CPU
		{D0F5FEC8-4D17-40D7-957E-5DCA02DC2000}.Release|iPhone.Build.0 = Release|Any CPU
		{D0F5FEC8-4D17-40D7-957E-5DCA02DC2000}.Release|iPhone.Deploy.0 = Release|Any CPU
		{D0F5FEC8-4D17-40D7-957E-5DCA02DC2000}.Release|iPhoneSimulator.ActiveCfg = Release|Any CPU
		{D0F5FEC8-4D17-40D7-957E-5DCA02DC2000}.Release|iPhoneSimulator.Build.0 = Release|Any CPU
		{D0F5FEC8-4D17-40D7-957E-5DCA02DC2000}.Release|iPhoneSimulator.Deploy.0 = Release|Any CPU
		{77D9241C-09F8-4C18-A24E-268376973380}.Ad-Hoc|Any CPU.ActiveCfg = Ad-Hoc|iPhone
		{77D9241C-09F8-4C18-A24E-268376973380}.Ad-Hoc|iPhone.ActiveCfg = Ad-Hoc|iPhone
		{77D9241C-09F8-4C18-A24E-268376973380}.Ad-Hoc|iPhone.Build.0 = Ad-Hoc|iPhone
		{77D9241C-09F8-4C18-A24E-268376973380}.Ad-Hoc|iPhoneSimulator.ActiveCfg = Ad-Hoc|iPhoneSimulator
		{77D9241C-09F8-4C18-A24E-268376973380}.Ad-Hoc|iPhoneSimulator.Build.0 = Ad-Hoc|iPhoneSimulator
		{77D9241C-09F8-4C18-A24E-268376973380}.AppStore|Any CPU.ActiveCfg = AppStore|iPhone
		{77D9241C-09F8-4C18-A24E-268376973380}.AppStore|iPhone.ActiveCfg = AppStore|iPhone
		{77D9241C-09F8-4C18-A24E-268376973380}.AppStore|iPhone.Build.0 = AppStore|iPhone
		{77D9241C-09F8-4C18-A24E-268376973380}.AppStore|iPhoneSimulator.ActiveCfg = AppStore|iPhoneSimulator
		{77D9241C-09F8-4C18-A24E-268376973380}.AppStore|iPhoneSimulator.Build.0 = AppStore|iPhoneSimulator
		{77D9241C-09F8-4C18-A24E-268376973380}.Debug|Any CPU.ActiveCfg = Debug|iPhone
		{77D9241C-09F8-4C18-A24E-268376973380}.Debug|iPhone.ActiveCfg = Debug|iPhone
		{77D9241C-09F8-4C18-A24E-268376973380}.Debug|iPhone.Build.0 = Debug|iPhone
		{77D9241C-09F8-4C18-A24E-268376973380}.Debug|iPhoneSimulator.ActiveCfg = Debug|iPhoneSimulator
		{77D9241C-09F8-4C18-A24E-268376973380}.Debug|iPhoneSimulator.Build.0 = Debug|iPhoneSimulator
		{77D9241C-09F8-4C18-A24E-268376973380}.Release|Any CPU.ActiveCfg = Release|iPhone
		{77D9241C-09F8-4C18-A24E-268376973380}.Release|iPhone.ActiveCfg = Release|iPhone
		{77D9241C-09F8-4C18-A24E-268376973380}.Release|iPhone.Build.0 = Release|iPhone
		{77D9241C-09F8-4C18-A24E-268376973380}.Release|iPhoneSimulator.ActiveCfg = Release|iPhoneSimulator
		{77D9241C-09F8-4C18-A24E-268376973380}.Release|iPhoneSimulator.Build.0 = Release|iPhoneSimulator
		{E125FA5A-D32D-4480-8F6B-4F38BB687B87}.Ad-Hoc|Any CPU.ActiveCfg = Release|Any CPU
		{E125FA5A-D32D-4480-8F6B-4F38BB687B87}.Ad-Hoc|Any CPU.Build.0 = Release|Any CPU
		{E125FA5A-D32D-4480-8F6B-4F38BB687B87}.Ad-Hoc|Any CPU.Deploy.0 = Release|Any CPU
		{E125FA5A-D32D-4480-8F6B-4F38BB687B87}.Ad-Hoc|iPhone.ActiveCfg = Release|Any CPU
		{E125FA5A-D32D-4480-8F6B-4F38BB687B87}.Ad-Hoc|iPhone.Build.0 = Release|Any CPU
		{E125FA5A-D32D-4480-8F6B-4F38BB687B87}.Ad-Hoc|iPhone.Deploy.0 = Release|Any CPU
		{E125FA5A-D32D-4480-8F6B-4F38BB687B87}.Ad-Hoc|iPhoneSimulator.ActiveCfg = Release|Any CPU
		{E125FA5A-D32D-4480-8F6B-4F38BB687B87}.Ad-Hoc|iPhoneSimulator.Build.0 = Release|Any CPU
		{E125FA5A-D32D-4480-8F6B-4F38BB687B87}.Ad-Hoc|iPhoneSimulator.Deploy.0 = Release|Any CPU
		{E125FA5A-D32D-4480-8F6B-4F38BB687B87}.AppStore|Any CPU.ActiveCfg = Release|Any CPU
		{E125FA5A-D32D-4480-8F6B-4F38BB687B87}.AppStore|Any CPU.Build.0 = Release|Any CPU
		{E125FA5A-D32D-4480-8F6B-4F38BB687B87}.AppStore|Any CPU.Deploy.0 = Release|Any CPU
		{E125FA5A-D32D-4480-8F6B-4F38BB687B87}.AppStore|iPhone.ActiveCfg = Release|Any CPU
		{E125FA5A-D32D-4480-8F6B-4F38BB687B87}.AppStore|iPhone.Build.0 = Release|Any CPU
		{E125FA5A-D32D-4480-8F6B-4F38BB687B87}.AppStore|iPhone.Deploy.0 = Release|Any CPU
		{E125FA5A-D32D-4480-8F6B-4F38BB687B87}.AppStore|iPhoneSimulator.ActiveCfg = Release|Any CPU
		{E125FA5A-D32D-4480-8F6B-4F38BB687B87}.AppStore|iPhoneSimulator.Build.0 = Release|Any CPU
		{E125FA5A-D32D-4480-8F6B-4F38BB687B87}.AppStore|iPhoneSimulator.Deploy.0 = Release|Any CPU
		{E125FA5A-D32D-4480-8F6B-4F38BB687B87}.Debug|Any CPU.ActiveCfg = Debug|Any CPU
		{E125FA5A-D32D-4480-8F6B-4F38BB687B87}.Debug|Any CPU.Build.0 = Debug|Any CPU
		{E125FA5A-D32D-4480-8F6B-4F38BB687B87}.Debug|Any CPU.Deploy.0 = Debug|Any CPU
		{E125FA5A-D32D-4480-8F6B-4F38BB687B87}.Debug|iPhone.ActiveCfg = Debug|Any CPU
		{E125FA5A-D32D-4480-8F6B-4F38BB687B87}.Debug|iPhone.Build.0 = Debug|Any CPU
		{E125FA5A-D32D-4480-8F6B-4F38BB687B87}.Debug|iPhone.Deploy.0 = Debug|Any CPU
		{E125FA5A-D32D-4480-8F6B-4F38BB687B87}.Debug|iPhoneSimulator.ActiveCfg = Debug|Any CPU
		{E125FA5A-D32D-4480-8F6B-4F38BB687B87}.Debug|iPhoneSimulator.Build.0 = Debug|Any CPU
		{E125FA5A-D32D-4480-8F6B-4F38BB687B87}.Debug|iPhoneSimulator.Deploy.0 = Debug|Any CPU
		{E125FA5A-D32D-4480-8F6B-4F38BB687B87}.Release|Any CPU.ActiveCfg = Release|Any CPU
		{E125FA5A-D32D-4480-8F6B-4F38BB687B87}.Release|Any CPU.Build.0 = Release|Any CPU
		{E125FA5A-D32D-4480-8F6B-4F38BB687B87}.Release|Any CPU.Deploy.0 = Release|Any CPU
		{E125FA5A-D32D-4480-8F6B-4F38BB687B87}.Release|iPhone.ActiveCfg = Release|Any CPU
		{E125FA5A-D32D-4480-8F6B-4F38BB687B87}.Release|iPhone.Build.0 = Release|Any CPU
		{E125FA5A-D32D-4480-8F6B-4F38BB687B87}.Release|iPhone.Deploy.0 = Release|Any CPU
		{E125FA5A-D32D-4480-8F6B-4F38BB687B87}.Release|iPhoneSimulator.ActiveCfg = Release|Any CPU
		{E125FA5A-D32D-4480-8F6B-4F38BB687B87}.Release|iPhoneSimulator.Build.0 = Release|Any CPU
		{E125FA5A-D32D-4480-8F6B-4F38BB687B87}.Release|iPhoneSimulator.Deploy.0 = Release|Any CPU
		{AEFAF003-48FF-4E4D-A881-C7653569ED7C}.Ad-Hoc|Any CPU.ActiveCfg = Release|iPhone
		{AEFAF003-48FF-4E4D-A881-C7653569ED7C}.Ad-Hoc|Any CPU.Build.0 = Release|iPhone
		{AEFAF003-48FF-4E4D-A881-C7653569ED7C}.Ad-Hoc|iPhone.ActiveCfg = Release|iPhone
		{AEFAF003-48FF-4E4D-A881-C7653569ED7C}.Ad-Hoc|iPhone.Build.0 = Release|iPhone
		{AEFAF003-48FF-4E4D-A881-C7653569ED7C}.Ad-Hoc|iPhoneSimulator.ActiveCfg = Release|iPhoneSimulator
		{AEFAF003-48FF-4E4D-A881-C7653569ED7C}.Ad-Hoc|iPhoneSimulator.Build.0 = Release|iPhoneSimulator
		{AEFAF003-48FF-4E4D-A881-C7653569ED7C}.AppStore|Any CPU.ActiveCfg = Release|iPhone
		{AEFAF003-48FF-4E4D-A881-C7653569ED7C}.AppStore|Any CPU.Build.0 = Release|iPhone
		{AEFAF003-48FF-4E4D-A881-C7653569ED7C}.AppStore|iPhone.ActiveCfg = Release|iPhone
		{AEFAF003-48FF-4E4D-A881-C7653569ED7C}.AppStore|iPhone.Build.0 = Release|iPhone
		{AEFAF003-48FF-4E4D-A881-C7653569ED7C}.AppStore|iPhoneSimulator.ActiveCfg = Release|iPhoneSimulator
		{AEFAF003-48FF-4E4D-A881-C7653569ED7C}.AppStore|iPhoneSimulator.Build.0 = Release|iPhoneSimulator
		{AEFAF003-48FF-4E4D-A881-C7653569ED7C}.Debug|Any CPU.ActiveCfg = Debug|iPhone
		{AEFAF003-48FF-4E4D-A881-C7653569ED7C}.Debug|iPhone.ActiveCfg = Debug|iPhone
		{AEFAF003-48FF-4E4D-A881-C7653569ED7C}.Debug|iPhone.Build.0 = Debug|iPhone
		{AEFAF003-48FF-4E4D-A881-C7653569ED7C}.Debug|iPhoneSimulator.ActiveCfg = Debug|iPhoneSimulator
		{AEFAF003-48FF-4E4D-A881-C7653569ED7C}.Debug|iPhoneSimulator.Build.0 = Debug|iPhoneSimulator
		{AEFAF003-48FF-4E4D-A881-C7653569ED7C}.Release|Any CPU.ActiveCfg = Release|iPhone
		{AEFAF003-48FF-4E4D-A881-C7653569ED7C}.Release|iPhone.ActiveCfg = Release|iPhone
		{AEFAF003-48FF-4E4D-A881-C7653569ED7C}.Release|iPhone.Build.0 = Release|iPhone
		{AEFAF003-48FF-4E4D-A881-C7653569ED7C}.Release|iPhoneSimulator.ActiveCfg = Release|iPhoneSimulator
		{AEFAF003-48FF-4E4D-A881-C7653569ED7C}.Release|iPhoneSimulator.Build.0 = Release|iPhoneSimulator
	EndGlobalSection
	GlobalSection(SolutionProperties) = preSolution
		HideSolutionNode = FALSE
	EndGlobalSection
	GlobalSection(ExtensibilityGlobals) = postSolution
		SolutionGuid = {7DB16F2E-95E2-4DEA-8E74-5732941362CB}
	EndGlobalSection
EndGlobal
